
Microsoft Visual Studio Solution File, Format Version 12.00
# Visual Studio Version 17
VisualStudioVersion = 17.5.002.0
MinimumVisualStudioVersion = 10.0.40219.1
Project("{2150E333-8FDC-42A3-9474-1A3956D46DE8}") = "sandbox", "sandbox", "{782E7ABA-0085-4856-A51E-A82A77DFF728}"
EndProject
Project("{9A19103F-16F7-4668-BE54-9A1E7A4F7556}") = "sandbox_project", "sandbox\sandbox_project\sandbox_project.csproj", "{D0858C17-E45C-4562-902A-277781896637}"
EndProject
Project("{2150E333-8FDC-42A3-9474-1A3956D46DE8}") = "week01", "week01", "{82531118-1F4D-46A8-BBAE-410996578772}"
EndProject
Project("{9A19103F-16F7-4668-BE54-9A1E7A4F7556}") = "analyze", "week01\analyze\analyze.csproj", "{3D000A54-1FBF-4A28-8BDE-0F3C44916C40}"
EndProject
Project("{9A19103F-16F7-4668-BE54-9A1E7A4F7556}") = "code", "week01\code\code.csproj", "{4925C889-46DD-4D08-ABD8-8A24664FC50E}"
EndProject
Project("{9A19103F-16F7-4668-BE54-9A1E7A4F7556}") = "teach", "week01\teach\teach.csproj", "{0D01B200-4E7B-46F2-8298-46A2D58FC52D}"
EndProject
Project("{2150E333-8FDC-42A3-9474-1A3956D46DE8}") = "week02", "week02", "{05CF0CF1-E9EA-4C46-8FA0-81F9D4967DD7}"
EndProject
Project("{9A19103F-16F7-4668-BE54-9A1E7A4F7556}") = "analyze", "week02\analyze\analyze.csproj", "{13EEDA96-082B-4321-89D3-29213BDE6A10}"
EndProject
Project("{9A19103F-16F7-4668-BE54-9A1E7A4F7556}") = "code", "week02\code\code.csproj", "{1D6ECA91-1200-4736-89C9-ACE804B3748A}"
EndProject
Project("{9A19103F-16F7-4668-BE54-9A1E7A4F7556}") = "learn", "week02\learn\learn.csproj", "{BDC0AD29-AC02-45DF-9501-64A312445B1F}"
EndProject
Project("{9A19103F-16F7-4668-BE54-9A1E7A4F7556}") = "teach", "week02\teach\teach.csproj", "{AA77AB38-6439-40DA-8B39-B14ED4103BE7}"
EndProject
Project("{2150E333-8FDC-42A3-9474-1A3956D46DE8}") = "week03", "week03", "{5378A695-F331-4367-8B30-331325B3D3F6}"
EndProject
Project("{9A19103F-16F7-4668-BE54-9A1E7A4F7556}") = "code", "week03\code\code.csproj", "{82BB8A5A-20EA-4A1C-A487-CF3760D16DF6}"
EndProject
Project("{9A19103F-16F7-4668-BE54-9A1E7A4F7556}") = "learn", "week03\learn\learn.csproj", "{B46A369E-4667-4FA2-85BA-DE30D2742326}"
EndProject
Project("{9A19103F-16F7-4668-BE54-9A1E7A4F7556}") = "teach", "week03\teach\teach.csproj", "{FA52D8E3-62C1-4768-89FB-120B53245703}"
EndProject
Project("{2150E333-8FDC-42A3-9474-1A3956D46DE8}") = "week04", "week04", "{09B14832-2E76-47B1-B21C-96B931BFEC79}"
EndProject
Project("{9A19103F-16F7-4668-BE54-9A1E7A4F7556}") = "code", "week04\code\code.csproj", "{B57484C8-EA61-4B6B-A099-12F08DFA8DBD}"
EndProject
Project("{2150E333-8FDC-42A3-9474-1A3956D46DE8}") = "week05", "week05", "{F8A49860-1EF1-4CE9-819F-AEFD1CB72C82}"
EndProject
Project("{9A19103F-16F7-4668-BE54-9A1E7A4F7556}") = "code", "week05\code\code.csproj", "{7930D110-FDD9-40B7-9665-0AF02FD0B447}"
EndProject
Project("{2150E333-8FDC-42A3-9474-1A3956D46DE8}") = "week06", "week06", "{627B177A-D3CA-4013-87BB-2363F81826F4}"
EndProject
Project("{9A19103F-16F7-4668-BE54-9A1E7A4F7556}") = "code", "week06\code\code.csproj", "{EC731DED-772C-42F1-914B-7521F42B1DAB}"
EndProject
Global
	GlobalSection(SolutionConfigurationPlatforms) = preSolution
		Debug|Any CPU = Debug|Any CPU
		Release|Any CPU = Release|Any CPU
	EndGlobalSection
	GlobalSection(ProjectConfigurationPlatforms) = postSolution
		{D0858C17-E45C-4562-902A-277781896637}.Debug|Any CPU.ActiveCfg = Debug|Any CPU
		{D0858C17-E45C-4562-902A-277781896637}.Debug|Any CPU.Build.0 = Debug|Any CPU
		{D0858C17-E45C-4562-902A-277781896637}.Release|Any CPU.ActiveCfg = Release|Any CPU
		{D0858C17-E45C-4562-902A-277781896637}.Release|Any CPU.Build.0 = Release|Any CPU
		{3D000A54-1FBF-4A28-8BDE-0F3C44916C40}.Debug|Any CPU.ActiveCfg = Debug|Any CPU
		{3D000A54-1FBF-4A28-8BDE-0F3C44916C40}.Debug|Any CPU.Build.0 = Debug|Any CPU
		{3D000A54-1FBF-4A28-8BDE-0F3C44916C40}.Release|Any CPU.ActiveCfg = Release|Any CPU
		{3D000A54-1FBF-4A28-8BDE-0F3C44916C40}.Release|Any CPU.Build.0 = Release|Any CPU
		{4925C889-46DD-4D08-ABD8-8A24664FC50E}.Debug|Any CPU.ActiveCfg = Debug|Any CPU
		{4925C889-46DD-4D08-ABD8-8A24664FC50E}.Debug|Any CPU.Build.0 = Debug|Any CPU
		{4925C889-46DD-4D08-ABD8-8A24664FC50E}.Release|Any CPU.ActiveCfg = Release|Any CPU
		{4925C889-46DD-4D08-ABD8-8A24664FC50E}.Release|Any CPU.Build.0 = Release|Any CPU
		{0D01B200-4E7B-46F2-8298-46A2D58FC52D}.Debug|Any CPU.ActiveCfg = Debug|Any CPU
		{0D01B200-4E7B-46F2-8298-46A2D58FC52D}.Debug|Any CPU.Build.0 = Debug|Any CPU
		{0D01B200-4E7B-46F2-8298-46A2D58FC52D}.Release|Any CPU.ActiveCfg = Release|Any CPU
		{0D01B200-4E7B-46F2-8298-46A2D58FC52D}.Release|Any CPU.Build.0 = Release|Any CPU
		{13EEDA96-082B-4321-89D3-29213BDE6A10}.Debug|Any CPU.ActiveCfg = Debug|Any CPU
		{13EEDA96-082B-4321-89D3-29213BDE6A10}.Debug|Any CPU.Build.0 = Debug|Any CPU
		{13EEDA96-082B-4321-89D3-29213BDE6A10}.Release|Any CPU.ActiveCfg = Release|Any CPU
		{13EEDA96-082B-4321-89D3-29213BDE6A10}.Release|Any CPU.Build.0 = Release|Any CPU
		{1D6ECA91-1200-4736-89C9-ACE804B3748A}.Debug|Any CPU.ActiveCfg = Debug|Any CPU
		{1D6ECA91-1200-4736-89C9-ACE804B3748A}.Debug|Any CPU.Build.0 = Debug|Any CPU
		{1D6ECA91-1200-4736-89C9-ACE804B3748A}.Release|Any CPU.ActiveCfg = Release|Any CPU
		{1D6ECA91-1200-4736-89C9-ACE804B3748A}.Release|Any CPU.Build.0 = Release|Any CPU
		{BDC0AD29-AC02-45DF-9501-64A312445B1F}.Debug|Any CPU.ActiveCfg = Debug|Any CPU
		{BDC0AD29-AC02-45DF-9501-64A312445B1F}.Debug|Any CPU.Build.0 = Debug|Any CPU
		{BDC0AD29-AC02-45DF-9501-64A312445B1F}.Release|Any CPU.ActiveCfg = Release|Any CPU
		{BDC0AD29-AC02-45DF-9501-64A312445B1F}.Release|Any CPU.Build.0 = Release|Any CPU
		{AA77AB38-6439-40DA-8B39-B14ED4103BE7}.Debug|Any CPU.ActiveCfg = Debug|Any CPU
		{AA77AB38-6439-40DA-8B39-B14ED4103BE7}.Debug|Any CPU.Build.0 = Debug|Any CPU
		{AA77AB38-6439-40DA-8B39-B14ED4103BE7}.Release|Any CPU.ActiveCfg = Release|Any CPU
		{AA77AB38-6439-40DA-8B39-B14ED4103BE7}.Release|Any CPU.Build.0 = Release|Any CPU
		{82BB8A5A-20EA-4A1C-A487-CF3760D16DF6}.Debug|Any CPU.ActiveCfg = Debug|Any CPU
		{82BB8A5A-20EA-4A1C-A487-CF3760D16DF6}.Debug|Any CPU.Build.0 = Debug|Any CPU
		{82BB8A5A-20EA-4A1C-A487-CF3760D16DF6}.Release|Any CPU.ActiveCfg = Release|Any CPU
		{82BB8A5A-20EA-4A1C-A487-CF3760D16DF6}.Release|Any CPU.Build.0 = Release|Any CPU
		{B46A369E-4667-4FA2-85BA-DE30D2742326}.Debug|Any CPU.ActiveCfg = Debug|Any CPU
		{B46A369E-4667-4FA2-85BA-DE30D2742326}.Debug|Any CPU.Build.0 = Debug|Any CPU
		{B46A369E-4667-4FA2-85BA-DE30D2742326}.Release|Any CPU.ActiveCfg = Release|Any CPU
		{B46A369E-4667-4FA2-85BA-DE30D2742326}.Release|Any CPU.Build.0 = Release|Any CPU
		{FA52D8E3-62C1-4768-89FB-120B53245703}.Debug|Any CPU.ActiveCfg = Debug|Any CPU
		{FA52D8E3-62C1-4768-89FB-120B53245703}.Debug|Any CPU.Build.0 = Debug|Any CPU
		{FA52D8E3-62C1-4768-89FB-120B53245703}.Release|Any CPU.ActiveCfg = Release|Any CPU
		{FA52D8E3-62C1-4768-89FB-120B53245703}.Release|Any CPU.Build.0 = Release|Any CPU
		{B57484C8-EA61-4B6B-A099-12F08DFA8DBD}.Debug|Any CPU.ActiveCfg = Debug|Any CPU
		{B57484C8-EA61-4B6B-A099-12F08DFA8DBD}.Debug|Any CPU.Build.0 = Debug|Any CPU
		{B57484C8-EA61-4B6B-A099-12F08DFA8DBD}.Release|Any CPU.ActiveCfg = Release|Any CPU
		{B57484C8-EA61-4B6B-A099-12F08DFA8DBD}.Release|Any CPU.Build.0 = Release|Any CPU
		{7930D110-FDD9-40B7-9665-0AF02FD0B447}.Debug|Any CPU.ActiveCfg = Debug|Any CPU
		{7930D110-FDD9-40B7-9665-0AF02FD0B447}.Debug|Any CPU.Build.0 = Debug|Any CPU
		{7930D110-FDD9-40B7-9665-0AF02FD0B447}.Release|Any CPU.ActiveCfg = Release|Any CPU
		{7930D110-FDD9-40B7-9665-0AF02FD0B447}.Release|Any CPU.Build.0 = Release|Any CPU
		{EC731DED-772C-42F1-914B-7521F42B1DAB}.Debug|Any CPU.ActiveCfg = Debug|Any CPU
		{EC731DED-772C-42F1-914B-7521F42B1DAB}.Debug|Any CPU.Build.0 = Debug|Any CPU
		{EC731DED-772C-42F1-914B-7521F42B1DAB}.Release|Any CPU.ActiveCfg = Release|Any CPU
		{EC731DED-772C-42F1-914B-7521F42B1DAB}.Release|Any CPU.Build.0 = Release|Any CPU
	EndGlobalSection
	GlobalSection(SolutionProperties) = preSolution
		HideSolutionNode = FALSE
	EndGlobalSection
	GlobalSection(NestedProjects) = preSolution
		{D0858C17-E45C-4562-902A-277781896637} = {782E7ABA-0085-4856-A51E-A82A77DFF728}
		{3D000A54-1FBF-4A28-8BDE-0F3C44916C40} = {82531118-1F4D-46A8-BBAE-410996578772}
		{4925C889-46DD-4D08-ABD8-8A24664FC50E} = {82531118-1F4D-46A8-BBAE-410996578772}
		{0D01B200-4E7B-46F2-8298-46A2D58FC52D} = {82531118-1F4D-46A8-BBAE-410996578772}
		{13EEDA96-082B-4321-89D3-29213BDE6A10} = {05CF0CF1-E9EA-4C46-8FA0-81F9D4967DD7}
		{1D6ECA91-1200-4736-89C9-ACE804B3748A} = {05CF0CF1-E9EA-4C46-8FA0-81F9D4967DD7}
		{BDC0AD29-AC02-45DF-9501-64A312445B1F} = {05CF0CF1-E9EA-4C46-8FA0-81F9D4967DD7}
		{AA77AB38-6439-40DA-8B39-B14ED4103BE7} = {05CF0CF1-E9EA-4C46-8FA0-81F9D4967DD7}
		{82BB8A5A-20EA-4A1C-A487-CF3760D16DF6} = {5378A695-F331-4367-8B30-331325B3D3F6}
		{B46A369E-4667-4FA2-85BA-DE30D2742326} = {5378A695-F331-4367-8B30-331325B3D3F6}
		{FA52D8E3-62C1-4768-89FB-120B53245703} = {5378A695-F331-4367-8B30-331325B3D3F6}
		{B57484C8-EA61-4B6B-A099-12F08DFA8DBD} = {09B14832-2E76-47B1-B21C-96B931BFEC79}
		{7930D110-FDD9-40B7-9665-0AF02FD0B447} = {F8A49860-1EF1-4CE9-819F-AEFD1CB72C82}
		{EC731DED-772C-42F1-914B-7521F42B1DAB} = {627B177A-D3CA-4013-87BB-2363F81826F4}
	EndGlobalSection
	GlobalSection(ExtensibilityGlobals) = postSolution
		SolutionGuid = {AD470AFB-7601-4D62-9370-8BD3A6AC1E2C}
	EndGlobalSection
EndGlobal
